// !$*UTF8*$!
{
	archiveVersion = 1;
	classes = {
	};
	objectVersion = 77;
	objects = {

/* Begin PBXContainerItemProxy section */
		4BC5C0402E08215A0099ABED /* PBXContainerItemProxy */ = {
			isa = PBXContainerItemProxy;
			containerPortal = 4BC5C0212E0821590099ABED /* Project object */;
			proxyType = 1;
			remoteGlobalIDString = 4BC5C0282E0821590099ABED;
			remoteInfo = "Apple Product";
		};
		4BC5C04A2E08215A0099ABED /* PBXContainerItemProxy */ = {
			isa = PBXContainerItemProxy;
			containerPortal = 4BC5C0212E0821590099ABED /* Project object */;
			proxyType = 1;
			remoteGlobalIDString = 4BC5C0282E0821590099ABED;
			remoteInfo = "Apple Product";
		};
/* End PBXContainerItemProxy section */

/* Begin PBXFileReference section */
		4BC5C0292E0821590099ABED /* Apple Product.app */ = {isa = PBXFileReference; explicitFileType = wrapper.application; includeInIndex = 0; path = "Apple Product.app"; sourceTree = BUILT_PRODUCTS_DIR; };
		4BC5C03F2E08215A0099ABED /* Apple ProductTests.xctest */ = {isa = PBXFileReference; explicitFileType = wrapper.cfbundle; includeInIndex = 0; path = "Apple ProductTests.xctest"; sourceTree = BUILT_PRODUCTS_DIR; };
		4BC5C0492E08215A0099ABED /* Apple ProductUITests.xctest */ = {isa = PBXFileReference; explicitFileType = wrapper.cfbundle; includeInIndex = 0; path = "Apple ProductUITests.xctest"; sourceTree = BUILT_PRODUCTS_DIR; };
/* End PBXFileReference section */

/* Begin PBXFileSystemSynchronizedBuildFileExceptionSet section */
		4BC5C0512E08215A0099ABED /* Exceptions for "Apple Product" folder in "Apple Product" target */ = {
			isa = PBXFileSystemSynchronizedBuildFileExceptionSet;
			membershipExceptions = (
				Info.plist,
			);
			target = 4BC5C0282E0821590099ABED /* Apple Product */;
		};
/* End PBXFileSystemSynchronizedBuildFileExceptionSet section */

/* Begin PBXFileSystemSynchronizedRootGroup section */
		4BC5C02B2E0821590099ABED /* Apple Product */ = {
			isa = PBXFileSystemSynchronizedRootGroup;
			exceptions = (
				4BC5C0512E08215A0099ABED /* Exceptions for "Apple Product" folder in "Apple Product" target */,
			);
			path = "Apple Product";
			sourceTree = "<group>";
		};
		4BC5C0422E08215A0099ABED /* Apple ProductTests */ = {
			isa = PBXFileSystemSynchronizedRootGroup;
			path = "Apple ProductTests";
			sourceTree = "<group>";
		};
		4BC5C04C2E08215A0099ABED /* Apple ProductUITests */ = {
			isa = PBXFileSystemSynchronizedRootGroup;
			path = "Apple ProductUITests";
			sourceTree = "<group>";
		};
/* End PBXFileSystemSynchronizedRootGroup section */

/* Begin PBXFrameworksBuildPhase section */
		4BC5C0262E0821590099ABED /* Frameworks */ = {
			isa = PBXFrameworksBuildPhase;
			buildActionMask = 2147483647;
			files = (
			);
			runOnlyForDeploymentPostprocessing = 0;
		};
		4BC5C03C2E08215A0099ABED /* Frameworks */ = {
			isa = PBXFrameworksBuildPhase;
			buildActionMask = 2147483647;
			files = (
			);
			runOnlyForDeploymentPostprocessing = 0;
		};
		4BC5C0462E08215A0099ABED /* Frameworks */ = {
			isa = PBXFrameworksBuildPhase;
			buildActionMask = 2147483647;
			files = (
			);
			runOnlyForDeploymentPostprocessing = 0;
		};
/* End PBXFrameworksBuildPhase section */

/* Begin PBXGroup section */
		4BC5C0202E0821590099ABED = {
			isa = PBXGroup;
			children = (
				4BC5C02B2E0821590099ABED /* Apple Product */,
				4BC5C0422E08215A0099ABED /* Apple ProductTests */,
				4BC5C04C2E08215A0099ABED /* Apple ProductUITests */,
				4BC5C02A2E0821590099ABED /* Products */,
			);
			sourceTree = "<group>";
		};
		4BC5C02A2E0821590099ABED /* Products */ = {
			isa = PBXGroup;
			children = (
				4BC5C0292E0821590099ABED /* Apple Product.app */,
				4BC5C03F2E08215A0099ABED /* Apple ProductTests.xctest */,
				4BC5C0492E08215A0099ABED /* Apple ProductUITests.xctest */,
			);
			name = Products;
			sourceTree = "<group>";
		};
/* End PBXGroup section */

/* Begin PBXNativeTarget section */
		4BC5C0282E0821590099ABED /* Apple Product */ = {
			isa = PBXNativeTarget;
			buildConfigurationList = 4BC5C0522E08215A0099ABED /* Build configuration list for PBXNativeTarget "Apple Product" */;
			buildPhases = (
				4BC5C0252E0821590099ABED /* Sources */,
				4BC5C0262E0821590099ABED /* Frameworks */,
				4BC5C0272E0821590099ABED /* Resources */,
			);
			buildRules = (
			);
			dependencies = (
			);
			fileSystemSynchronizedGroups = (
				4BC5C02B2E0821590099ABED /* Apple Product */,
			);
			name = "Apple Product";
			packageProductDependencies = (
			);
			productName = "Apple Product";
			productReference = 4BC5C0292E0821590099ABED /* Apple Product.app */;
			productType = "com.apple.product-type.application";
		};
		4BC5C03E2E08215A0099ABED /* Apple ProductTests */ = {
			isa = PBXNativeTarget;
			buildConfigurationList = 4BC5C0572E08215A0099ABED /* Build configuration list for PBXNativeTarget "Apple ProductTests" */;
			buildPhases = (
				4BC5C03B2E08215A0099ABED /* Sources */,
				4BC5C03C2E08215A0099ABED /* Frameworks */,
				4BC5C03D2E08215A0099ABED /* Resources */,
			);
			buildRules = (
			);
			dependencies = (
				4BC5C0412E08215A0099ABED /* PBXTargetDependency */,
			);
			fileSystemSynchronizedGroups = (
				4BC5C0422E08215A0099ABED /* Apple ProductTests */,
			);
			name = "Apple ProductTests";
			packageProductDependencies = (
			);
			productName = "Apple ProductTests";
			productReference = 4BC5C03F2E08215A0099ABED /* Apple ProductTests.xctest */;
			productType = "com.apple.product-type.bundle.unit-test";
		};
		4BC5C0482E08215A0099ABED /* Apple ProductUITests */ = {
			isa = PBXNativeTarget;
			buildConfigurationList = 4BC5C05A2E08215A0099ABED /* Build configuration list for PBXNativeTarget "Apple ProductUITests" */;
			buildPhases = (
				4BC5C0452E08215A0099ABED /* Sources */,
				4BC5C0462E08215A0099ABED /* Frameworks */,
				4BC5C0472E08215A0099ABED /* Resources */,
			);
			buildRules = (
			);
			dependencies = (
				4BC5C04B2E08215A0099ABED /* PBXTargetDependency */,
			);
			fileSystemSynchronizedGroups = (
				4BC5C04C2E08215A0099ABED /* Apple ProductUITests */,
			);
			name = "Apple ProductUITests";
			packageProductDependencies = (
			);
			productName = "Apple ProductUITests";
			productReference = 4BC5C0492E08215A0099ABED /* Apple ProductUITests.xctest */;
			productType = "com.apple.product-type.bundle.ui-testing";
		};
/* End PBXNativeTarget section */

/* Begin PBXProject section */
		4BC5C0212E0821590099ABED /* Project object */ = {
			isa = PBXProject;
			attributes = {
				BuildIndependentTargetsInParallel = 1;
				LastSwiftUpdateCheck = 1640;
				LastUpgradeCheck = 1640;
				TargetAttributes = {
					4BC5C0282E0821590099ABED = {
						CreatedOnToolsVersion = 16.4;
					};
					4BC5C03E2E08215A0099ABED = {
						CreatedOnToolsVersion = 16.4;
						TestTargetID = 4BC5C0282E0821590099ABED;
					};
					4BC5C0482E08215A0099ABED = {
						CreatedOnToolsVersion = 16.4;
						TestTargetID = 4BC5C0282E0821590099ABED;
					};
				};
			};
			buildConfigurationList = 4BC5C0242E0821590099ABED /* Build configuration list for PBXProject "Apple Product" */;
			developmentRegion = en;
			hasScannedForEncodings = 0;
			knownRegions = (
				en,
				Base,
			);
			mainGroup = 4BC5C0202E0821590099ABED;
			minimizedProjectReferenceProxies = 1;
			preferredProjectObjectVersion = 77;
			productRefGroup = 4BC5C02A2E0821590099ABED /* Products */;
			projectDirPath = "";
			projectRoot = "";
			targets = (
				4BC5C0282E0821590099ABED /* Apple Product */,
				4BC5C03E2E08215A0099ABED /* Apple ProductTests */,
				4BC5C0482E08215A0099ABED /* Apple ProductUITests */,
			);
		};
/* End PBXProject section */

/* Begin PBXResourcesBuildPhase section */
		4BC5C0272E0821590099ABED /* Resources */ = {
			isa = PBXResourcesBuildPhase;
			buildActionMask = 2147483647;
			files = (
			);
			runOnlyForDeploymentPostprocessing = 0;
		};
		4BC5C03D2E08215A0099ABED /* Resources */ = {
			isa = PBXResourcesBuildPhase;
			buildActionMask = 2147483647;
			files = (
			);
			runOnlyForDeploymentPostprocessing = 0;
		};
		4BC5C0472E08215A0099ABED /* Resources */ = {
			isa = PBXResourcesBuildPhase;
			buildActionMask = 2147483647;
			files = (
			);
			runOnlyForDeploymentPostprocessing = 0;
		};
/* End PBXResourcesBuildPhase section */

/* Begin PBXSourcesBuildPhase section */
		4BC5C0252E0821590099ABED /* Sources */ = {
			isa = PBXSourcesBuildPhase;
			buildActionMask = 2147483647;
			files = (
			);
			runOnlyForDeploymentPostprocessing = 0;
		};
		4BC5C03B2E08215A0099ABED /* Sources */ = {
			isa = PBXSourcesBuildPhase;
			buildActionMask = 2147483647;
			files = (
			);
			runOnlyForDeploymentPostprocessing = 0;
		};
		4BC5C0452E08215A0099ABED /* Sources */ = {
			isa = PBXSourcesBuildPhase;
			buildActionMask = 2147483647;
			files = (
			);
			runOnlyForDeploymentPostprocessing = 0;
		};
/* End PBXSourcesBuildPhase section */

/* Begin PBXTargetDependency section */
		4BC5C0412E08215A0099ABED /* PBXTargetDependency */ = {
			isa = PBXTargetDependency;
			target = 4BC5C0282E0821590099ABED /* Apple Product */;
			targetProxy = 4BC5C0402E08215A0099ABED /* PBXContainerItemProxy */;
		};
		4BC5C04B2E08215A0099ABED /* PBXTargetDependency */ = {
			isa = PBXTargetDependency;
			target = 4BC5C0282E0821590099ABED /* Apple Product */;
			targetProxy = 4BC5C04A2E08215A0099ABED /* PBXContainerItemProxy */;
		};
/* End PBXTargetDependency section */

/* Begin XCBuildConfiguration section */
		4BC5C0532E08215A0099ABED /* Debug */ = {
			isa = XCBuildConfiguration;
			buildSettings = {
				ASSETCATALOG_COMPILER_APPICON_NAME = AppIcon;
				ASSETCATALOG_COMPILER_GLOBAL_ACCENT_COLOR_NAME = AccentColor;
				CODE_SIGN_STYLE = Automatic;
				CURRENT_PROJECT_VERSION = 1;
				GENERATE_INFOPLIST_FILE = YES;
				INFOPLIST_FILE = "Apple Product/Info.plist";
				INFOPLIST_KEY_UIApplicationSupportsIndirectInputEvents = YES;
				INFOPLIST_KEY_UILaunchStoryboardName = LaunchScreen;
				INFOPLIST_KEY_UIMainStoryboardFile = "";
				INFOPLIST_KEY_UISupportedInterfaceOrientations_iPad = "UIInterfaceOrientationPortrait UIInterfaceOrientationPortraitUpsideDown UIInterfaceOrientationLandscapeLeft UIInterfaceOrientationLandscapeRight";
				INFOPLIST_KEY_UISupportedInterfaceOrientations_iPhone = "UIInterfaceOrientationPortrait UIInterfaceOrientationLandscapeLeft UIInterfaceOrientationLandscapeRight";
				LD_RUNPATH_SEARCH_PATHS = (
					"$(inherited)",
					"@executable_path/Frameworks",
				);
				MARKETING_VERSION = 1.0;
				PRODUCT_BUNDLE_IDENTIFIER = "comproduct.app.Apple-Product";
				PRODUCT_NAME = "$(TARGET_NAME)";
				SWIFT_EMIT_LOC_STRINGS = YES;
				SWIFT_VERSION = 5.0;
				TARGETED_DEVICE_FAMILY = "1,2";
			};
			name = Debug;
		};
		4BC5C0542E08215A0099ABED /* Release */ = {
			isa = XCBuildConfiguration;
			buildSettings = {
				ASSETCATALOG_COMPILER_APPICON_NAME = AppIcon;
				ASSETCATALOG_COMPILER_GLOBAL_ACCENT_COLOR_NAME = AccentColor;
				CODE_SIGN_STYLE = Automatic;
				CURRENT_PROJECT_VERSION = 1;
				GENERATE_INFOPLIST_FILE = YES;
				INFOPLIST_FILE = "Apple Product/Info.plist";
				INFOPLIST_KEY_UIApplicationSupportsIndirectInputEvents = YES;
				INFOPLIST_KEY_UILaunchStoryboardName = LaunchScreen;
				INFOPLIST_KEY_UIMainStoryboardFile = "";
				INFOPLIST_KEY_UISupportedInterfaceOrientations_iPad = "UIInterfaceOrientationPortrait UIInterfaceOrientationPortraitUpsideDown UIInterfaceOrientationLandscapeLeft UIInterfaceOrientationLandscapeRight";
				INFOPLIST_KEY_UISupportedInterfaceOrientations_iPhone = "UIInterfaceOrientationPortrait UIInterfaceOrientationLandscapeLeft UIInterfaceOrientationLandscapeRight";
				LD_RUNPATH_SEARCH_PATHS = (
					"$(inherited)",
					"@executable_path/Frameworks",
				);
				MARKETING_VERSION = 1.0;
				PRODUCT_BUNDLE_IDENTIFIER = "comproduct.app.Apple-Product";
				PRODUCT_NAME = "$(TARGET_NAME)";
				SWIFT_EMIT_LOC_STRINGS = YES;
				SWIFT_VERSION = 5.0;
				TARGETED_DEVICE_FAMILY = "1,2";
			};
			name = Release;
		};
		4BC5C0552E08215A0099ABED /* Debug */ = {
			isa = XCBuildConfiguration;
			buildSettings = {
				ALWAYS_SEARCH_USER_PATHS = NO;
				ASSETCATALOG_COMPILER_GENERATE_SWIFT_ASSET_SYMBOL_EXTENSIONS = YES;
				CLANG_ANALYZER_NONNULL = YES;
				CLANG_ANALYZER_NUMBER_OBJECT_CONVERSION = YES_AGGRESSIVE;
				CLANG_CXX_LANGUAGE_STANDARD = "gnu++20";
				CLANG_ENABLE_MODULES = YES;
				CLANG_ENABLE_OBJC_ARC = YES;
				CLANG_ENABLE_OBJC_WEAK = YES;
				CLANG_WARN_BLOCK_CAPTURE_AUTORELEASING = YES;
				CLANG_WARN_BOOL_CONVERSION = YES;
				CLANG_WARN_COMMA = YES;
				CLANG_WARN_CONSTANT_CONVERSION = YES;
				CLANG_WARN_DEPRECATED_OBJC_IMPLEMENTATIONS = YES;
				CLANG_WARN_DIRECT_OBJC_ISA_USAGE = YES_ERROR;
				CLANG_WARN_DOCUMENTATION_COMMENTS = YES;
				CLANG_WARN_EMPTY_BODY = YES;
				CLANG_WARN_ENUM_CONVERSION = YES;
				CLANG_WARN_INFINITE_RECURSION = YES;
				CLANG_WARN_INT_CONVERSION = YES;
				CLANG_WARN_NON_LITERAL_NULL_CONVERSION = YES;
				CLANG_WARN_OBJC_IMPLICIT_RETAIN_SELF = YES;
				CLANG_WARN_OBJC_LITERAL_CONVERSION = YES;
				CLANG_WARN_OBJC_ROOT_CLASS = YES_ERROR;
				CLANG_WARN_QUOTED_INCLUDE_IN_FRAMEWORK_HEADER = YES;
				CLANG_WARN_RANGE_LOOP_ANALYSIS = YES;
				CLANG_WARN_STRICT_PROTOTYPES = YES;
				CLANG_WARN_SUSPICIOUS_MOVE = YES;
				CLANG_WARN_UNGUARDED_AVAILABILITY = YES_AGGRESSIVE;
				CLANG_WARN_UNREACHABLE_CODE = YES;
				CLANG_WARN__DUPLICATE_METHOD_MATCH = YES;
				COPY_PHASE_STRIP = NO;
				DEBUG_INFORMATION_FORMAT = dwarf;
				ENABLE_STRICT_OBJC_MSGSEND = YES;
				ENABLE_TESTABILITY = YES;
				ENABLE_USER_SCRIPT_SANDBOXING = YES;
				GCC_C_LANGUAGE_STANDARD = gnu17;
				GCC_DYNAMIC_NO_PIC = NO;
				GCC_NO_COMMON_BLOCKS = YES;
				GCC_OPTIMIZATION_LEVEL = 0;
				GCC_PREPROCESSOR_DEFINITIONS = (
					"DEBUG=1",
					"$(inherited)",
				);
				GCC_WARN_64_TO_32_BIT_CONVERSION = YES;
				GCC_WARN_ABOUT_RETURN_TYPE = YES_ERROR;
				GCC_WARN_UNDECLARED_SELECTOR = YES;
				GCC_WARN_UNINITIALIZED_AUTOS = YES_AGGRESSIVE;
				GCC_WARN_UNUSED_FUNCTION = YES;
				GCC_WARN_UNUSED_VARIABLE = YES;
				IPHONEOS_DEPLOYMENT_TARGET = 18.5;
				LOCALIZATION_PREFERS_STRING_CATALOGS = YES;
				MTL_ENABLE_DEBUG_INFO = INCLUDE_SOURCE;
				MTL_FAST_MATH = YES;
				ONLY_ACTIVE_ARCH = YES;
				SDKROOT = iphoneos;
				SWIFT_ACTIVE_COMPILATION_CONDITIONS = "DEBUG $(inherited)";
				SWIFT_OPTIMIZATION_LEVEL = "-Onone";
			};
			name = Debug;
		};
		4BC5C0562E08215A0099ABED /* Release */ = {
			isa = XCBuildConfiguration;
			buildSettings = {
				ALWAYS_SEARCH_USER_PATHS = NO;
				ASSETCATALOG_COMPILER_GENERATE_SWIFT_ASSET_SYMBOL_EXTENSIONS = YES;
				CLANG_ANALYZER_NONNULL = YES;
				CLANG_ANALYZER_NUMBER_OBJECT_CONVERSION = YES_AGGRESSIVE;
				CLANG_CXX_LANGUAGE_STANDARD = "gnu++20";
				CLANG_ENABLE_MODULES = YES;
				CLANG_ENABLE_OBJC_ARC = YES;
				CLANG_ENABLE_OBJC_WEAK = YES;
				CLANG_WARN_BLOCK_CAPTURE_AUTORELEASING = YES;
				CLANG_WARN_BOOL_CONVERSION = YES;
				CLANG_WARN_COMMA = YES;
				CLANG_WARN_CONSTANT_CONVERSION = YES;
				CLANG_WARN_DEPRECATED_OBJC_IMPLEMENTATIONS = YES;
				CLANG_WARN_DIRECT_OBJC_ISA_USAGE = YES_ERROR;
				CLANG_WARN_DOCUMENTATION_COMMENTS = YES;
				CLANG_WARN_EMPTY_BODY = YES;
				CLANG_WARN_ENUM_CONVERSION = YES;
				CLANG_WARN_INFINITE_RECURSION = YES;
				CLANG_WARN_INT_CONVERSION = YES;
				CLANG_WARN_NON_LITERAL_NULL_CONVERSION = YES;
				CLANG_WARN_OBJC_IMPLICIT_RETAIN_SELF = YES;
				CLANG_WARN_OBJC_LITERAL_CONVERSION = YES;
				CLANG_WARN_OBJC_ROOT_CLASS = YES_ERROR;
				CLANG_WARN_QUOTED_INCLUDE_IN_FRAMEWORK_HEADER = YES;
				CLANG_WARN_RANGE_LOOP_ANALYSIS = YES;
				CLANG_WARN_STRICT_PROTOTYPES = YES;
				CLANG_WARN_SUSPICIOUS_MOVE = YES;
				CLANG_WARN_UNGUARDED_AVAILABILITY = YES_AGGRESSIVE;
				CLANG_WARN_UNREACHABLE_CODE = YES;
				CLANG_WARN__DUPLICATE_METHOD_MATCH = YES;
				COPY_PHASE_STRIP = NO;
				DEBUG_INFORMATION_FORMAT = "dwarf-with-dsym";
				ENABLE_NS_ASSERTIONS = NO;
				ENABLE_STRICT_OBJC_MSGSEND = YES;
				ENABLE_USER_SCRIPT_SANDBOXING = YES;
				GCC_C_LANGUAGE_STANDARD = gnu17;
				GCC_NO_COMMON_BLOCKS = YES;
				GCC_WARN_64_TO_32_BIT_CONVERSION = YES;
				GCC_WARN_ABOUT_RETURN_TYPE = YES_ERROR;
				GCC_WARN_UNDECLARED_SELECTOR = YES;
				GCC_WARN_UNINITIALIZED_AUTOS = YES_AGGRESSIVE;
				GCC_WARN_UNUSED_FUNCTION = YES;
				GCC_WARN_UNUSED_VARIABLE = YES;
				IPHONEOS_DEPLOYMENT_TARGET = 18.5;
				LOCALIZATION_PREFERS_STRING_CATALOGS = YES;
				MTL_ENABLE_DEBUG_INFO = NO;
				MTL_FAST_MATH = YES;
				SDKROOT = iphoneos;
				SWIFT_COMPILATION_MODE = wholemodule;
				VALIDATE_PRODUCT = YES;
			};
			name = Release;
		};
		4BC5C0582E08215A0099ABED /* Debug */ = {
			isa = XCBuildConfiguration;
			buildSettings = {
				BUNDLE_LOADER = "$(TEST_HOST)";
				CODE_SIGN_STYLE = Automatic;
				CURRENT_PROJECT_VERSION = 1;
				GENERATE_INFOPLIST_FILE = YES;
				IPHONEOS_DEPLOYMENT_TARGET = 18.5;
				MARKETING_VERSION = 1.0;
				PRODUCT_BUNDLE_IDENTIFIER = "comproduct.app.Apple-ProductTests";
				PRODUCT_NAME = "$(TARGET_NAME)";
				SWIFT_EMIT_LOC_STRINGS = NO;
				SWIFT_VERSION = 5.0;
				TARGETED_DEVICE_FAMILY = "1,2";
				TEST_HOST = "$(BUILT_PRODUCTS_DIR)/Apple Product.app/$(BUNDLE_EXECUTABLE_FOLDER_PATH)/Apple Product";
			};
			name = Debug;
		};
		4BC5C0592E08215A0099ABED /* Release */ = {
			isa = XCBuildConfiguration;
			buildSettings = {
				BUNDLE_LOADER = "$(TEST_HOST)";
				CODE_SIGN_STYLE = Automatic;
				CURRENT_PROJECT_VERSION = 1;
				GENERATE_INFOPLIST_FILE = YES;
				IPHONEOS_DEPLOYMENT_TARGET = 18.5;
				MARKETING_VERSION = 1.0;
				PRODUCT_BUNDLE_IDENTIFIER = "comproduct.app.Apple-ProductTests";
				PRODUCT_NAME = "$(TARGET_NAME)";
				SWIFT_EMIT_LOC_STRINGS = NO;
				SWIFT_VERSION = 5.0;
				TARGETED_DEVICE_FAMILY = "1,2";
				TEST_HOST = "$(BUILT_PRODUCTS_DIR)/Apple Product.app/$(BUNDLE_EXECUTABLE_FOLDER_PATH)/Apple Product";
			};
			name = Release;
		};
		4BC5C05B2E08215A0099ABED /* Debug */ = {
			isa = XCBuildConfiguration;
			buildSettings = {
				CODE_SIGN_STYLE = Automatic;
				CURRENT_PROJECT_VERSION = 1;
				GENERATE_INFOPLIST_FILE = YES;
				MARKETING_VERSION = 1.0;
				PRODUCT_BUNDLE_IDENTIFIER = "comproduct.app.Apple-ProductUITests";
				PRODUCT_NAME = "$(TARGET_NAME)";
				SWIFT_EMIT_LOC_STRINGS = NO;
				SWIFT_VERSION = 5.0;
				TARGETED_DEVICE_FAMILY = "1,2";
				TEST_TARGET_NAME = "Apple Product";
			};
			name = Debug;
		};
		4BC5C05C2E08215A0099ABED /* Release */ = {
			isa = XCBuildConfiguration;
			buildSettings = {
				CODE_SIGN_STYLE = Automatic;
				CURRENT_PROJECT_VERSION = 1;
				GENERATE_INFOPLIST_FILE = YES;
				MARKETING_VERSION = 1.0;
				PRODUCT_BUNDLE_IDENTIFIER = "comproduct.app.Apple-ProductUITests";
				PRODUCT_NAME = "$(TARGET_NAME)";
				SWIFT_EMIT_LOC_STRINGS = NO;
				SWIFT_VERSION = 5.0;
				TARGETED_DEVICE_FAMILY = "1,2";
				TEST_TARGET_NAME = "Apple Product";
			};
			name = Release;
		};
/* End XCBuildConfiguration section */

/* Begin XCConfigurationList section */
		4BC5C0242E0821590099ABED /* Build configuration list for PBXProject "Apple Product" */ = {
			isa = XCConfigurationList;
			buildConfigurations = (
				4BC5C0552E08215A0099ABED /* Debug */,
				4BC5C0562E08215A0099ABED /* Release */,
			);
			defaultConfigurationIsVisible = 0;
			defaultConfigurationName = Release;
		};
		4BC5C0522E08215A0099ABED /* Build configuration list for PBXNativeTarget "Apple Product" */ = {
			isa = XCConfigurationList;
			buildConfigurations = (
				4BC5C0532E08215A0099ABED /* Debug */,
				4BC5C0542E08215A0099ABED /* Release */,
			);
			defaultConfigurationIsVisible = 0;
			defaultConfigurationName = Release;
		};
		4BC5C0572E08215A0099ABED /* Build configuration list for PBXNativeTarget "Apple ProductTests" */ = {
			isa = XCConfigurationList;
			buildConfigurations = (
				4BC5C0582E08215A0099ABED /* Debug */,
				4BC5C0592E08215A0099ABED /* Release */,
			);
			defaultConfigurationIsVisible = 0;
			defaultConfigurationName = Release;
		};
		4BC5C05A2E08215A0099ABED /* Build configuration list for PBXNativeTarget "Apple ProductUITests" */ = {
			isa = XCConfigurationList;
			buildConfigurations = (
				4BC5C05B2E08215A0099ABED /* Debug */,
				4BC5C05C2E08215A0099ABED /* Release */,
			);
			defaultConfigurationIsVisible = 0;
			defaultConfigurationName = Release;
		};
/* End XCConfigurationList section */
	};
	rootObject = 4BC5C0212E0821590099ABED /* Project object */;
}
